
Microsoft Visual Studio Solution File, Format Version 12.00
# Visual Studio Version 17
VisualStudioVersion = 17.0.31903.59
MinimumVisualStudioVersion = 10.0.40219.1
Project("{FAE04EC0-301F-11D3-BF4B-00C04F79EFBC}") = "GUI", "GUI.csproj", "{7831EDCB-75E5-4184-994A-6ABB7564431C}"
EndProject
Global
	GlobalSection(SolutionConfigurationPlatforms) = preSolution
		Debug|Any CPU = Debug|Any CPU
		Release|Any CPU = Release|Any CPU
	EndGlobalSection
	GlobalSection(ProjectConfigurationPlatforms) = postSolution
		{7831EDCB-75E5-4184-994A-6ABB7564431C}.Debug|Any CPU.ActiveCfg = Debug|Any CPU
		{7831EDCB-75E5-4184-994A-6ABB7564431C}.Debug|Any CPU.Build.0 = Debug|Any CPU
		{7831EDCB-75E5-4184-994A-6ABB7564431C}.Release|Any CPU.ActiveCfg = Release|Any CPU
		{7831EDCB-75E5-4184-994A-6ABB7564431C}.Release|Any CPU.Build.0 = Release|Any CPU
	EndGlobalSection
	GlobalSection(SolutionProperties) = preSolution
		HideSolutionNode = FALSE
	EndGlobalSection
	GlobalSection(ExtensibilityGlobals) = postSolution
		SolutionGuid = {6AECB797-B056-42BC-9C7E-937DD0D09F73}
	EndGlobalSection
	GlobalSection(DPCodeReviewSolutionGUID) = preSolution
		DPCodeReviewSolutionGUID = {00000000-0000-0000-0000-000000000000}
	EndGlobalSection
EndGlobal
